
Microsoft Visual Studio Solution File, Format Version 12.00
# Visual Studio Version 16
VisualStudioVersion = 16.0.32228.343
MinimumVisualStudioVersion = 10.0.40219.1
Project("{FAE04EC0-301F-11D3-BF4B-00C04F79EFBC}") = "Unit Testing", "Unit Testing\Unit Testing.csproj", "{CF1AB3F7-72B7-4BF6-B25C-0681D65B3C7D}"
EndProject
Project("{FAE04EC0-301F-11D3-BF4B-00C04F79EFBC}") = "Testing", "Testing\Testing.csproj", "{E60475A7-E04A-44F4-9B4D-B3341FA271EB}"
EndProject
Global
	GlobalSection(SolutionConfigurationPlatforms) = preSolution
		Debug|Any CPU = Debug|Any CPU
		Release|Any CPU = Release|Any CPU
	EndGlobalSection
	GlobalSection(ProjectConfigurationPlatforms) = postSolution
		{CF1AB3F7-72B7-4BF6-B25C-0681D65B3C7D}.Debug|Any CPU.ActiveCfg = Debug|Any CPU
		{CF1AB3F7-72B7-4BF6-B25C-0681D65B3C7D}.Debug|Any CPU.Build.0 = Debug|Any CPU
		{CF1AB3F7-72B7-4BF6-B25C-0681D65B3C7D}.Release|Any CPU.ActiveCfg = Release|Any CPU
		{CF1AB3F7-72B7-4BF6-B25C-0681D65B3C7D}.Release|Any CPU.Build.0 = Release|Any CPU
		{E60475A7-E04A-44F4-9B4D-B3341FA271EB}.Debug|Any CPU.ActiveCfg = Debug|Any CPU
		{E60475A7-E04A-44F4-9B4D-B3341FA271EB}.Debug|Any CPU.Build.0 = Debug|Any CPU
		{E60475A7-E04A-44F4-9B4D-B3341FA271EB}.Release|Any CPU.ActiveCfg = Release|Any CPU
		{E60475A7-E04A-44F4-9B4D-B3341FA271EB}.Release|Any CPU.Build.0 = Release|Any CPU
	EndGlobalSection
	GlobalSection(SolutionProperties) = preSolution
		HideSolutionNode = FALSE
	EndGlobalSection
	GlobalSection(ExtensibilityGlobals) = postSolution
		SolutionGuid = {3BA72E7A-69FA-4EE2-A09A-B3AB32243EA6}
	EndGlobalSection
EndGlobal
